
Microsoft Visual Studio Solution File, Format Version 12.00
# Visual Studio Version 16
VisualStudioVersion = 16.0.29920.165
MinimumVisualStudioVersion = 10.0.40219.1
Project("{FAE04EC0-301F-11D3-BF4B-00C04F79EFBC}") = "HackerRank Day 2", "HackerRank Day 2.csproj", "{243596A5-8FDB-4A2B-B4D8-22BED157FF6D}"
EndProject
Global
	GlobalSection(SolutionConfigurationPlatforms) = preSolution
		Debug|Any CPU = Debug|Any CPU
		Release|Any CPU = Release|Any CPU
	EndGlobalSection
	GlobalSection(ProjectConfigurationPlatforms) = postSolution
		{243596A5-8FDB-4A2B-B4D8-22BED157FF6D}.Debug|Any CPU.ActiveCfg = Debug|Any CPU
		{243596A5-8FDB-4A2B-B4D8-22BED157FF6D}.Debug|Any CPU.Build.0 = Debug|Any CPU
		{243596A5-8FDB-4A2B-B4D8-22BED157FF6D}.Release|Any CPU.ActiveCfg = Release|Any CPU
		{243596A5-8FDB-4A2B-B4D8-22BED157FF6D}.Release|Any CPU.Build.0 = Release|Any CPU
	EndGlobalSection
	GlobalSection(SolutionProperties) = preSolution
		HideSolutionNode = FALSE
	EndGlobalSection
	GlobalSection(ExtensibilityGlobals) = postSolution
		SolutionGuid = {ED9615DE-514C-4DBE-A2F2-0C1228D9B217}
	EndGlobalSection
EndGlobal
