
Microsoft Visual Studio Solution File, Format Version 12.00
# Visual Studio Version 16
VisualStudioVersion = 16.0.30011.22
MinimumVisualStudioVersion = 10.0.40219.1
Project("{FAE04EC0-301F-11D3-BF4B-00C04F79EFBC}") = "HackerRank 6", "HackerRank 6.csproj", "{D326EEAD-BFD0-4423-B81D-E13A3832A230}"
EndProject
Global
	GlobalSection(SolutionConfigurationPlatforms) = preSolution
		Debug|Any CPU = Debug|Any CPU
		Release|Any CPU = Release|Any CPU
	EndGlobalSection
	GlobalSection(ProjectConfigurationPlatforms) = postSolution
		{D326EEAD-BFD0-4423-B81D-E13A3832A230}.Debug|Any CPU.ActiveCfg = Debug|Any CPU
		{D326EEAD-BFD0-4423-B81D-E13A3832A230}.Debug|Any CPU.Build.0 = Debug|Any CPU
		{D326EEAD-BFD0-4423-B81D-E13A3832A230}.Release|Any CPU.ActiveCfg = Release|Any CPU
		{D326EEAD-BFD0-4423-B81D-E13A3832A230}.Release|Any CPU.Build.0 = Release|Any CPU
	EndGlobalSection
	GlobalSection(SolutionProperties) = preSolution
		HideSolutionNode = FALSE
	EndGlobalSection
	GlobalSection(ExtensibilityGlobals) = postSolution
		SolutionGuid = {D095D538-1D5E-4935-8B85-DFA7E6625BAA}
	EndGlobalSection
EndGlobal
