
Microsoft Visual Studio Solution File, Format Version 12.00
# Visual Studio Version 16
VisualStudioVersion = 16.0.29920.165
MinimumVisualStudioVersion = 10.0.40219.1
Project("{FAE04EC0-301F-11D3-BF4B-00C04F79EFBC}") = "HackerRank 4", "HackerRank 4.csproj", "{24DB47FA-4BFE-4774-9D2A-31F2C824960D}"
EndProject
Global
	GlobalSection(SolutionConfigurationPlatforms) = preSolution
		Debug|Any CPU = Debug|Any CPU
		Release|Any CPU = Release|Any CPU
	EndGlobalSection
	GlobalSection(ProjectConfigurationPlatforms) = postSolution
		{24DB47FA-4BFE-4774-9D2A-31F2C824960D}.Debug|Any CPU.ActiveCfg = Debug|Any CPU
		{24DB47FA-4BFE-4774-9D2A-31F2C824960D}.Debug|Any CPU.Build.0 = Debug|Any CPU
		{24DB47FA-4BFE-4774-9D2A-31F2C824960D}.Release|Any CPU.ActiveCfg = Release|Any CPU
		{24DB47FA-4BFE-4774-9D2A-31F2C824960D}.Release|Any CPU.Build.0 = Release|Any CPU
	EndGlobalSection
	GlobalSection(SolutionProperties) = preSolution
		HideSolutionNode = FALSE
	EndGlobalSection
	GlobalSection(ExtensibilityGlobals) = postSolution
		SolutionGuid = {F0439F49-0E37-4C2C-A0F5-671016C9F67B}
	EndGlobalSection
EndGlobal
