
Microsoft Visual Studio Solution File, Format Version 12.00
# Visual Studio Version 16
VisualStudioVersion = 16.0.29920.165
MinimumVisualStudioVersion = 10.0.40219.1
Project("{FAE04EC0-301F-11D3-BF4B-00C04F79EFBC}") = "HackerRank 4", "HackerRank 4.csproj", "{F9DF676A-CAA1-442F-AB18-D65848B214CD}"
EndProject
Global
	GlobalSection(SolutionConfigurationPlatforms) = preSolution
		Debug|Any CPU = Debug|Any CPU
		Release|Any CPU = Release|Any CPU
	EndGlobalSection
	GlobalSection(ProjectConfigurationPlatforms) = postSolution
		{F9DF676A-CAA1-442F-AB18-D65848B214CD}.Debug|Any CPU.ActiveCfg = Debug|Any CPU
		{F9DF676A-CAA1-442F-AB18-D65848B214CD}.Debug|Any CPU.Build.0 = Debug|Any CPU
		{F9DF676A-CAA1-442F-AB18-D65848B214CD}.Release|Any CPU.ActiveCfg = Release|Any CPU
		{F9DF676A-CAA1-442F-AB18-D65848B214CD}.Release|Any CPU.Build.0 = Release|Any CPU
	EndGlobalSection
	GlobalSection(SolutionProperties) = preSolution
		HideSolutionNode = FALSE
	EndGlobalSection
	GlobalSection(ExtensibilityGlobals) = postSolution
		SolutionGuid = {FCADA95B-1247-4EEC-8746-AE802D501773}
	EndGlobalSection
EndGlobal
